
Microsoft Visual Studio Solution File, Format Version 12.00
# Visual Studio Version 17
VisualStudioVersion = 17.0.31903.59
MinimumVisualStudioVersion = 10.0.40219.1
Project("{FAE04EC0-301F-11D3-BF4B-00C04F79EFBC}") = "Yatube", "Yatube\Yatube.csproj", "{AA1D925C-D987-47ED-B828-0FF46896996D}"
EndProject
Global
	GlobalSection(SolutionConfigurationPlatforms) = preSolution
		Debug|Any CPU = Debug|Any CPU
		Release|Any CPU = Release|Any CPU
	EndGlobalSection
	GlobalSection(ProjectConfigurationPlatforms) = postSolution
		{AA1D925C-D987-47ED-B828-0FF46896996D}.Debug|Any CPU.ActiveCfg = Debug|Any CPU
		{AA1D925C-D987-47ED-B828-0FF46896996D}.Debug|Any CPU.Build.0 = Debug|Any CPU
		{AA1D925C-D987-47ED-B828-0FF46896996D}.Release|Any CPU.ActiveCfg = Release|Any CPU
		{AA1D925C-D987-47ED-B828-0FF46896996D}.Release|Any CPU.Build.0 = Release|Any CPU
	EndGlobalSection
	GlobalSection(SolutionProperties) = preSolution
		HideSolutionNode = FALSE
	EndGlobalSection
	GlobalSection(ExtensibilityGlobals) = postSolution
		SolutionGuid = {40D0B431-0285-4FEF-A2DF-F4F1C360EDAD}
	EndGlobalSection
EndGlobal
